
Microsoft Visual Studio Solution File, Format Version 12.00
# Visual Studio 15
VisualStudioVersion = 15.0.27130.2024
MinimumVisualStudioVersion = 10.0.40219.1
Project("{F184B08F-C81C-45F6-A57F-5ABD9991F28F}") = "Llab 1-5", "Llab 1-5\Llab 1-5.vbproj", "{5CC9A4D6-485C-40B9-8489-C6DE2943FD68}"
EndProject
Global
	GlobalSection(SolutionConfigurationPlatforms) = preSolution
		Debug|Any CPU = Debug|Any CPU
		Release|Any CPU = Release|Any CPU
	EndGlobalSection
	GlobalSection(ProjectConfigurationPlatforms) = postSolution
		{5CC9A4D6-485C-40B9-8489-C6DE2943FD68}.Debug|Any CPU.ActiveCfg = Debug|Any CPU
		{5CC9A4D6-485C-40B9-8489-C6DE2943FD68}.Debug|Any CPU.Build.0 = Debug|Any CPU
		{5CC9A4D6-485C-40B9-8489-C6DE2943FD68}.Release|Any CPU.ActiveCfg = Release|Any CPU
		{5CC9A4D6-485C-40B9-8489-C6DE2943FD68}.Release|Any CPU.Build.0 = Release|Any CPU
	EndGlobalSection
	GlobalSection(SolutionProperties) = preSolution
		HideSolutionNode = FALSE
	EndGlobalSection
	GlobalSection(ExtensibilityGlobals) = postSolution
		SolutionGuid = {D082A591-EBD6-4D01-9405-FC8D4BD92ECD}
	EndGlobalSection
EndGlobal
